{
  "lockfileVersion": 1,
  "workspaces": {
    "": {
      "name": "@bajrangcoder/unocss-language-server",
      "dependencies": {
        "@unocss/autocomplete": "^66.6.0",
        "@unocss/config": "^66.6.0",
        "@unocss/core": "^66.6.0",
        "@unocss/extractor-arbitrary-variants": "^66.6.0",
        "@unocss/preset-wind3": "^66.6.0",
        "color-rgba": "^3.0.0",
        "magic-string": "^0.30.21",
        "prettier": "^3.8.1",
        "unconfig": "^7.5.0",
        "vscode-languageserver": "^9.0.1",
        "vscode-languageserver-textdocument": "^1.0.12",
      },
      "devDependencies": {
        "@types/color-rgba": "^2.1.3",
        "@types/node": "^25.3.0",
        "@unocss/preset-attributify": "^66.6.0",
        "typescript": "^5.9.3",
      },
    },
  },
  "packages": {
    "@jridgewell/sourcemap-codec": ["@jridgewell/sourcemap-codec@1.5.5", "", {}, "sha512-cYQ9310grqxueWbl+WuIUIaiUaDcj7WOq5fVhEljNVgRfOUhY9fy2zTvfoqWsnebh8Sl70VScFbICvJnLKB0Og=="],

    "@quansync/fs": ["@quansync/fs@1.0.0", "", { "dependencies": { "quansync": "1.0.0" } }, "sha512-4TJ3DFtlf1L5LDMaM6CanJ/0lckGNtJcMjQ1NAV6zDmA0tEHKZtxNKin8EgPaVX1YzljbxckyT2tJrpQKAtngQ=="],

    "@types/color-rgba": ["@types/color-rgba@2.1.3", "", {}, "sha512-JOqpRixFF2D9Uy9osxJxzUP3lmdQdp7rpj4eMz0mYcZH2yhHwyyY4nMdYumCYWJT0ygLC/kMlkQW5LPZB2cTQw=="],

    "@types/node": ["@types/node@25.3.0", "", { "dependencies": { "undici-types": "7.18.2" } }, "sha512-4K3bqJpXpqfg2XKGK9bpDTc6xO/xoUP/RBWS7AtRMug6zZFaRekiLzjVtAoZMquxoAbzBvy5nxQ7veS5eYzf8A=="],

    "@unocss/autocomplete": ["@unocss/autocomplete@66.6.0", "", { "dependencies": { "fzf": "0.5.2", "lru-cache": "11.2.6" } }, "sha512-kMRp8nKlNZb30mjgS4CYLjW0YmYi8/eFDccNePyvhCvyVejZ+vB3YlVdUQ03MZcU01EV/xbY3e8H35sbnVJmxg=="],

    "@unocss/config": ["@unocss/config@66.6.0", "", { "dependencies": { "@unocss/core": "66.6.0", "unconfig": "7.5.0" } }, "sha512-YvNk/b9jGmT1TQGDbHR+0VALnTsPLzSTzw90t09ggny9YxeF0XnsP06M5+H0EJPwpmdigBC++KEIMaK8SYDsaQ=="],

    "@unocss/core": ["@unocss/core@66.6.0", "", {}, "sha512-Sxm7HmhsPIIzxbPnWembPyobuCeA5j9KxL+jIOW2c+kZiTFjHeju7vuVWX9jmAMMC+UyDuuCQ4yE+kBo3Y7SWQ=="],

    "@unocss/extractor-arbitrary-variants": ["@unocss/extractor-arbitrary-variants@66.6.0", "", { "dependencies": { "@unocss/core": "66.6.0" } }, "sha512-AsCmpbre4hQb+cKOf3gHUeYlF7guR/aCKZvw53VBk12qY5wNF7LdfIx4zWc5LFVCoRxIZlU2C7L4/Tt7AkiFMA=="],

    "@unocss/preset-attributify": ["@unocss/preset-attributify@66.6.0", "", { "dependencies": { "@unocss/core": "66.6.0" } }, "sha512-IfGZT9LjQkfpJaVjDtFMxOlrEoj7m1DCztRdby0FaptXChE7vdgRkYFl8HDeXMkEIlzV1YTHuIarwJ+tV+1SRQ=="],

    "@unocss/preset-mini": ["@unocss/preset-mini@66.6.0", "", { "dependencies": { "@unocss/core": "66.6.0", "@unocss/extractor-arbitrary-variants": "66.6.0", "@unocss/rule-utils": "66.6.0" } }, "sha512-8bQyTuMJcry/z4JTDsQokI0187/1CJIkVx9hr9eEbKf/gWti538P8ktKEmHCf8IyT0At5dfP9oLHLCUzVetdbA=="],

    "@unocss/preset-wind3": ["@unocss/preset-wind3@66.6.0", "", { "dependencies": { "@unocss/core": "66.6.0", "@unocss/preset-mini": "66.6.0", "@unocss/rule-utils": "66.6.0" } }, "sha512-7gzswF810BCSru7pF01BsMzGZbfrsWT5GV6JJLkhROS2pPjeNOpqy2VEfiavv5z09iGSIESeOFMlXr5ORuLZrg=="],

    "@unocss/rule-utils": ["@unocss/rule-utils@66.6.0", "", { "dependencies": { "@unocss/core": "66.6.0", "magic-string": "0.30.21" } }, "sha512-v16l6p5VrefDx8P/gzWnp0p6/hCA0vZ4UMUN6SxHGVE6V+IBpX6I6Du3Egk9TdkhZ7o+Pe1NHxksHcjT0V/tww=="],

    "color-name": ["color-name@2.1.0", "", {}, "sha512-1bPaDNFm0axzE4MEAzKPuqKWeRaT43U/hyxKPBdqTfmPF+d6n7FSoTFxLVULUJOmiLp01KjhIPPH+HrXZJN4Rg=="],

    "color-parse": ["color-parse@2.0.2", "", { "dependencies": { "color-name": "2.1.0" } }, "sha512-eCtOz5w5ttWIUcaKLiktF+DxZO1R9KLNY/xhbV6CkhM7sR3GhVghmt6X6yOnzeaM24po+Z9/S1apbXMwA3Iepw=="],

    "color-rgba": ["color-rgba@3.0.0", "", { "dependencies": { "color-parse": "2.0.2", "color-space": "2.3.2" } }, "sha512-PPwZYkEY3M2THEHHV6Y95sGUie77S7X8v+h1r6LSAPF3/LL2xJ8duUXSrkic31Nzc4odPwHgUbiX/XuTYzQHQg=="],

    "color-space": ["color-space@2.3.2", "", {}, "sha512-BcKnbOEsOarCwyoLstcoEztwT0IJxqqQkNwDuA3a65sICvvHL2yoeV13psoDFh5IuiOMnIOKdQDwB4Mk3BypiA=="],

    "defu": ["defu@6.1.4", "", {}, "sha512-mEQCMmwJu317oSz8CwdIOdwf3xMif1ttiM8LTufzc3g6kR+9Pe236twL8j3IYT1F7GfRgGcW6MWxzZjLIkuHIg=="],

    "fzf": ["fzf@0.5.2", "", {}, "sha512-Tt4kuxLXFKHy8KT40zwsUPUkg1CrsgY25FxA2U/j/0WgEDCk3ddc/zLTCCcbSHX9FcKtLuVaDGtGE/STWC+j3Q=="],

    "jiti": ["jiti@2.6.1", "", { "bin": { "jiti": "lib/jiti-cli.mjs" } }, "sha512-ekilCSN1jwRvIbgeg/57YFh8qQDNbwDb9xT/qu2DAHbFFZUicIl4ygVaAvzveMhMVr3LnpSKTNnwt8PoOfmKhQ=="],

    "lru-cache": ["lru-cache@11.2.6", "", {}, "sha512-ESL2CrkS/2wTPfuend7Zhkzo2u0daGJ/A2VucJOgQ/C48S/zB8MMeMHSGKYpXhIjbPxfuezITkaBH1wqv00DDQ=="],

    "magic-string": ["magic-string@0.30.21", "", { "dependencies": { "@jridgewell/sourcemap-codec": "1.5.5" } }, "sha512-vd2F4YUyEXKGcLHoq+TEyCjxueSeHnFxyyjNp80yg0XV4vUhnDer/lvvlqM/arB5bXQN5K2/3oinyCRyx8T2CQ=="],

    "prettier": ["prettier@3.8.1", "", { "bin": { "prettier": "bin/prettier.cjs" } }, "sha512-UOnG6LftzbdaHZcKoPFtOcCKztrQ57WkHDeRD9t/PTQtmT0NHSeWWepj6pS0z/N7+08BHFDQVUrfmfMRcZwbMg=="],

    "quansync": ["quansync@1.0.0", "", {}, "sha512-5xZacEEufv3HSTPQuchrvV6soaiACMFnq1H8wkVioctoH3TRha9Sz66lOxRwPK/qZj7HPiSveih9yAyh98gvqA=="],

    "typescript": ["typescript@5.9.3", "", { "bin": { "tsc": "bin/tsc", "tsserver": "bin/tsserver" } }, "sha512-jl1vZzPDinLr9eUt3J/t7V6FgNEw9QjvBPdysz9KfQDD41fQrC2Y4vKQdiaUpFT4bXlb1RHhLpp8wtm6M5TgSw=="],

    "unconfig": ["unconfig@7.5.0", "", { "dependencies": { "@quansync/fs": "1.0.0", "defu": "6.1.4", "jiti": "2.6.1", "quansync": "1.0.0", "unconfig-core": "7.5.0" } }, "sha512-oi8Qy2JV4D3UQ0PsopR28CzdQ3S/5A1zwsUwp/rosSbfhJ5z7b90bIyTwi/F7hCLD4SGcZVjDzd4XoUQcEanvA=="],

    "unconfig-core": ["unconfig-core@7.5.0", "", { "dependencies": { "@quansync/fs": "1.0.0", "quansync": "1.0.0" } }, "sha512-Su3FauozOGP44ZmKdHy2oE6LPjk51M/TRRjHv2HNCWiDvfvCoxC2lno6jevMA91MYAdCdwP05QnWdWpSbncX/w=="],

    "undici-types": ["undici-types@7.18.2", "", {}, "sha512-AsuCzffGHJybSaRrmr5eHr81mwJU3kjw6M+uprWvCXiNeN9SOGwQ3Jn8jb8m3Z6izVgknn1R0FTCEAP2QrLY/w=="],

    "vscode-jsonrpc": ["vscode-jsonrpc@8.2.0", "", {}, "sha512-C+r0eKJUIfiDIfwJhria30+TYWPtuHJXHtI7J0YlOmKAo7ogxP20T0zxB7HZQIFhIyvoBPwWskjxrvAtfjyZfA=="],

    "vscode-languageserver": ["vscode-languageserver@9.0.1", "", { "dependencies": { "vscode-languageserver-protocol": "3.17.5" }, "bin": { "installServerIntoExtension": "bin/installServerIntoExtension" } }, "sha512-woByF3PDpkHFUreUa7Hos7+pUWdeWMXRd26+ZX2A8cFx6v/JPTtd4/uN0/jB6XQHYaOlHbio03NTHCqrgG5n7g=="],

    "vscode-languageserver-protocol": ["vscode-languageserver-protocol@3.17.5", "", { "dependencies": { "vscode-jsonrpc": "8.2.0", "vscode-languageserver-types": "3.17.5" } }, "sha512-mb1bvRJN8SVznADSGWM9u/b07H7Ecg0I3OgXDuLdn307rl/J3A9YD6/eYOssqhecL27hK1IPZAsaqh00i/Jljg=="],

    "vscode-languageserver-textdocument": ["vscode-languageserver-textdocument@1.0.12", "", {}, "sha512-cxWNPesCnQCcMPeenjKKsOCKQZ/L6Tv19DTRIGuLWe32lyzWhihGVJ/rcckZXJxfdKCFvRLS3fpBIsV/ZGX4zA=="],

    "vscode-languageserver-types": ["vscode-languageserver-types@3.17.5", "", {}, "sha512-Ld1VelNuX9pdF39h2Hgaeb5hEZM2Z3jUrrMgWQAu82jMtZp7p3vJT3BzToKtZI7NgQssZje5o0zryOrhQvzQAg=="],
  }
}
